<?xml version="1.0" encoding="utf-8"?>
<Project ToolsVersion="4.0" xmlns="http://schemas.microsoft.com/developer/msbuild/2003">
  <ItemGroup>
    <Filter Include="ソース ファイル">
      <UniqueIdentifier>{4FC737F1-C7A5-4376-A066-2A32D752A2FF}</UniqueIdentifier>
      <Extensions>cpp;c;cc;cxx;c++;cppm;ixx;def;odl;idl;hpj;bat;asm;asmx</Extensions>
    </Filter>
    <Filter Include="ヘッダー ファイル">
      <UniqueIdentifier>{93995380-89BD-4b04-88EB-625FBE52EBFB}</UniqueIdentifier>
      <Extensions>h;hh;hpp;hxx;h++;hm;inl;inc;ipp;xsd</Extensions>
    </Filter>
    <Filter Include="リソース ファイル">
      <UniqueIdentifier>{67DA6AB6-F800-4c08-8B7A-83BB121AAD01}</UniqueIdentifier>
      <Extensions>rc;ico;cur;bmp;dlg;rc2;rct;bin;rgs;gif;jpg;jpeg;jpe;resx;tiff;tif;png;wav;mfcribbon-ms</Extensions>
    </Filter>
    <Filter Include="ヘッダー ファイル\template_types">
      <UniqueIdentifier>{a5782c10-1989-46a5-9452-019446125218}</UniqueIdentifier>
    </Filter>
    <Filter Include="ヘッダー ファイル\helpers">
      <UniqueIdentifier>{a6620efc-54e3-42fe-bd56-11180b2ec410}</UniqueIdentifier>
    </Filter>
    <Filter Include="ヘッダー ファイル\macros">
      <UniqueIdentifier>{17a568f7-9177-42ff-b555-ea62c969545f}</UniqueIdentifier>
    </Filter>
    <Filter Include="ヘッダー ファイル\graphics">
      <UniqueIdentifier>{52ac6ad7-0f7e-4339-a2cf-1d815e92ed7e}</UniqueIdentifier>
    </Filter>
    <Filter Include="ヘッダー ファイル\helpers\errors">
      <UniqueIdentifier>{5c661e00-48a3-41ad-be88-fb49d99142ea}</UniqueIdentifier>
    </Filter>
    <Filter Include="ソース ファイル\graphics">
      <UniqueIdentifier>{5c3e8737-59b2-44fc-b6bc-ca8dcb0d291f}</UniqueIdentifier>
    </Filter>
    <Filter Include="ヘッダー ファイル\exceptions">
      <UniqueIdentifier>{62223570-1419-4e45-abe9-396143d7335a}</UniqueIdentifier>
    </Filter>
    <Filter Include="ヘッダー ファイル\thread">
      <UniqueIdentifier>{f37fba3c-be52-43af-a43e-29be1c1a475b}</UniqueIdentifier>
    </Filter>
    <Filter Include="ヘッダー ファイル\graphics\renderer_flags">
      <UniqueIdentifier>{99c61876-4355-476f-81f5-8de10f1ed2cd}</UniqueIdentifier>
    </Filter>
    <Filter Include="ヘッダー ファイル\constants">
      <UniqueIdentifier>{bd5fa812-33dd-4693-a489-f2d3335c11f4}</UniqueIdentifier>
    </Filter>
    <Filter Include="ヘッダー ファイル\debug_tools">
      <UniqueIdentifier>{1c8557ab-3eee-463c-93f9-4b8427d807bb}</UniqueIdentifier>
    </Filter>
    <Filter Include="ソース ファイル\imgui">
      <UniqueIdentifier>{367ac8f6-eda1-40a6-8589-13e437469fff}</UniqueIdentifier>
    </Filter>
    <Filter Include="ソース ファイル\debug_tools">
      <UniqueIdentifier>{be3fb5c3-b174-4cc2-b132-e92b511d4e34}</UniqueIdentifier>
    </Filter>
    <Filter Include="ヘッダー ファイル\file">
      <UniqueIdentifier>{ffe20744-8b59-4fcf-a093-2e9a59218417}</UniqueIdentifier>
    </Filter>
    <Filter Include="ヘッダー ファイル\file\archive">
      <UniqueIdentifier>{55ab5528-4156-43ed-8dc5-f9d427775f92}</UniqueIdentifier>
    </Filter>
  </ItemGroup>
  <ItemGroup>
    <ClCompile Include="dllmain.cpp">
      <Filter>ソース ファイル</Filter>
    </ClCompile>
    <ClCompile Include="application.cpp">
      <Filter>ソース ファイル</Filter>
    </ClCompile>
    <ClCompile Include="graphics\window.cpp">
      <Filter>ソース ファイル\graphics</Filter>
    </ClCompile>
    <ClCompile Include="graphics\renderer.cpp">
      <Filter>ソース ファイル\graphics</Filter>
    </ClCompile>
    <ClCompile Include="graphics\command_list_pool.cpp">
      <Filter>ソース ファイル\graphics</Filter>
    </ClCompile>
    <ClCompile Include="..\libraries\imgui\imgui.cpp">
      <Filter>ソース ファイル\imgui</Filter>
    </ClCompile>
    <ClCompile Include="..\libraries\imgui\imgui_demo.cpp">
      <Filter>ソース ファイル\imgui</Filter>
    </ClCompile>
    <ClCompile Include="..\libraries\imgui\imgui_draw.cpp">
      <Filter>ソース ファイル\imgui</Filter>
    </ClCompile>
    <ClCompile Include="..\libraries\imgui\imgui_impl_dx12.cpp">
      <Filter>ソース ファイル\imgui</Filter>
    </ClCompile>
    <ClCompile Include="..\libraries\imgui\imgui_impl_win32.cpp">
      <Filter>ソース ファイル\imgui</Filter>
    </ClCompile>
    <ClCompile Include="..\libraries\imgui\imgui_tables.cpp">
      <Filter>ソース ファイル\imgui</Filter>
    </ClCompile>
    <ClCompile Include="..\libraries\imgui\imgui_widgets.cpp">
      <Filter>ソース ファイル\imgui</Filter>
    </ClCompile>
    <ClCompile Include="debug_tools\debug_gui_host.cpp">
      <Filter>ソース ファイル\debug_tools</Filter>
    </ClCompile>
  </ItemGroup>
  <ItemGroup>
    <None Include="packages.config" />
  </ItemGroup>
  <ItemGroup>
    <ClInclude Include="application.hpp">
      <Filter>ヘッダー ファイル</Filter>
    </ClInclude>
    <ClInclude Include="template_types\string_literal.hpp">
      <Filter>ヘッダー ファイル\template_types</Filter>
    </ClInclude>
    <ClInclude Include="helpers\id_generator.hpp">
      <Filter>ヘッダー ファイル\helpers</Filter>
    </ClInclude>
    <ClInclude Include="macros\debug.hpp">
      <Filter>ヘッダー ファイル\macros</Filter>
    </ClInclude>
    <ClInclude Include="macros\assertion.hpp">
      <Filter>ヘッダー ファイル\macros</Filter>
    </ClInclude>
    <ClInclude Include="graphics\window.hpp">
      <Filter>ヘッダー ファイル\graphics</Filter>
    </ClInclude>
    <ClInclude Include="helpers\errors\windows.hpp">
      <Filter>ヘッダー ファイル\helpers\errors</Filter>
    </ClInclude>
    <ClInclude Include="exceptions\window_error.hpp">
      <Filter>ヘッダー ファイル\exceptions</Filter>
    </ClInclude>
    <ClInclude Include="graphics\renderer.hpp">
      <Filter>ヘッダー ファイル\graphics</Filter>
    </ClInclude>
    <ClInclude Include="thread\thread_pool_table.hpp">
      <Filter>ヘッダー ファイル\thread</Filter>
    </ClInclude>
    <ClInclude Include="thread\dummy_lock.hpp">
      <Filter>ヘッダー ファイル\thread</Filter>
    </ClInclude>
    <ClInclude Include="graphics\renderer_flags\reset_flags.hpp">
      <Filter>ヘッダー ファイル\graphics\renderer_flags</Filter>
    </ClInclude>
    <ClInclude Include="constants\string_literals.hpp">
      <Filter>ヘッダー ファイル\constants</Filter>
    </ClInclude>
    <ClInclude Include="helpers\empty_type.hpp">
      <Filter>ヘッダー ファイル\helpers</Filter>
    </ClInclude>
    <ClInclude Include="graphics\renderer_types.hpp">
      <Filter>ヘッダー ファイル\graphics</Filter>
    </ClInclude>
    <ClInclude Include="exceptions\renderer_error.hpp">
      <Filter>ヘッダー ファイル\exceptions</Filter>
    </ClInclude>
    <ClInclude Include="exceptions\invalid_argument.hpp">
      <Filter>ヘッダー ファイル\exceptions</Filter>
    </ClInclude>
    <ClInclude Include="graphics\command_list_pool.hpp">
      <Filter>ヘッダー ファイル\graphics</Filter>
    </ClInclude>
    <ClInclude Include="debug_tools\debug_gui_host.hpp">
      <Filter>ヘッダー ファイル\debug_tools</Filter>
    </ClInclude>
    <ClInclude Include="exceptions\invalid_operation.hpp">
      <Filter>ヘッダー ファイル\exceptions</Filter>
    </ClInclude>
    <ClInclude Include="constants\thread_pool_table_ids.hpp">
      <Filter>ヘッダー ファイル\constants</Filter>
    </ClInclude>
  </ItemGroup>
</Project>