<?xml version="1.0" encoding="utf-8"?>
<Project ToolsVersion="4.0" xmlns="http://schemas.microsoft.com/developer/msbuild/2003">
  <ItemGroup>
    <Filter Include="ソース ファイル">
      <UniqueIdentifier>{4FC737F1-C7A5-4376-A066-2A32D752A2FF}</UniqueIdentifier>
      <Extensions>cpp;c;cc;cxx;c++;cppm;ixx;def;odl;idl;hpj;bat;asm;asmx</Extensions>
    </Filter>
    <Filter Include="ヘッダー ファイル">
      <UniqueIdentifier>{93995380-89BD-4b04-88EB-625FBE52EBFB}</UniqueIdentifier>
      <Extensions>h;hh;hpp;hxx;h++;hm;inl;inc;ipp;xsd</Extensions>
    </Filter>
    <Filter Include="リソース ファイル">
      <UniqueIdentifier>{67DA6AB6-F800-4c08-8B7A-83BB121AAD01}</UniqueIdentifier>
      <Extensions>rc;ico;cur;bmp;dlg;rc2;rct;bin;rgs;gif;jpg;jpeg;jpe;resx;tiff;tif;png;wav;mfcribbon-ms</Extensions>
    </Filter>
    <Filter Include="ヘッダー ファイル\core">
      <UniqueIdentifier>{391e02d9-c53d-422a-b19f-0e7c6b77ae90}</UniqueIdentifier>
    </Filter>
    <Filter Include="ヘッダー ファイル\exceptions">
      <UniqueIdentifier>{6ec0387a-ed38-4751-8c82-b9761b36db93}</UniqueIdentifier>
    </Filter>
    <Filter Include="ヘッダー ファイル\graphics">
      <UniqueIdentifier>{e74f7241-c538-4bf3-bb6d-6748e0a6b0a8}</UniqueIdentifier>
    </Filter>
    <Filter Include="ソース ファイル\core">
      <UniqueIdentifier>{9ba539c5-bb86-4bdd-92c1-77b2bd43405f}</UniqueIdentifier>
    </Filter>
  </ItemGroup>
  <ItemGroup>
    <ClCompile Include="main.cpp">
      <Filter>ソース ファイル</Filter>
    </ClCompile>
    <ClCompile Include="core\core_loop.cpp">
      <Filter>ソース ファイル\core</Filter>
    </ClCompile>
  </ItemGroup>
  <ItemGroup>
    <ClInclude Include="core\application_interface.hpp">
      <Filter>ヘッダー ファイル\core</Filter>
    </ClInclude>
    <ClInclude Include="graphics\renderer_interface.hpp">
      <Filter>ヘッダー ファイル\graphics</Filter>
    </ClInclude>
    <ClInclude Include="graphics\window_interface.hpp">
      <Filter>ヘッダー ファイル\graphics</Filter>
    </ClInclude>
    <ClInclude Include="exceptions\exception_base.hpp">
      <Filter>ヘッダー ファイル\exceptions</Filter>
    </ClInclude>
    <ClInclude Include="exceptions\dll_load_failed.hpp">
      <Filter>ヘッダー ファイル\exceptions</Filter>
    </ClInclude>
    <ClInclude Include="core\core_loop.hpp">
      <Filter>ヘッダー ファイル\core</Filter>
    </ClInclude>
    <ClInclude Include="exceptions\exception_of.hpp">
      <Filter>ヘッダー ファイル\exceptions</Filter>
    </ClInclude>
    <ClInclude Include="exceptions\invalid_state.hpp">
      <Filter>ヘッダー ファイル\exceptions</Filter>
    </ClInclude>
    <ClInclude Include="exceptions\config_load_failed.hpp">
      <Filter>ヘッダー ファイル\exceptions</Filter>
    </ClInclude>
  </ItemGroup>
  <ItemGroup>
    <None Include="packages.config" />
  </ItemGroup>
</Project>